Microsoft Visual Studio Solution File, Format Version 12.00
# Visual Studio 15
VisualStudioVersion = 15.0.27004.2008
MinimumVisualStudioVersion = 15.0
Project("{FAE04EC0-301F-11D3-BF4B-00C04F79EFBC}") = "Oxide.CSharp", "Oxide.CSharp\Oxide.CSharp.csproj", "{9103D682-D1AA-4A95-A499-896F551AAA62}"
EndProject
Global
	GlobalSection(SolutionConfigurationPlatforms) = preSolution
		Debug|Any CPU = Debug|Any CPU
		Debug|x64 = Debug|x64
		Release|Any CPU = Release|Any CPU
		Release|x64 = Release|x64
	EndGlobalSection
	GlobalSection(ProjectConfigurationPlatforms) = postSolution
		{9103D682-D1AA-4A95-A499-896F551AAA62}.Debug|Any CPU.ActiveCfg = Debug|Any CPU
		{9103D682-D1AA-4A95-A499-896F551AAA62}.Debug|Any CPU.Build.0 = Debug|Any CPU
		{9103D682-D1AA-4A95-A499-896F551AAA62}.Debug|x64.ActiveCfg = Debug|Any CPU
		{9103D682-D1AA-4A95-A499-896F551AAA62}.Debug|x64.Build.0 = Debug|Any CPU
		{9103D682-D1AA-4A95-A499-896F551AAA62}.Release|Any CPU.ActiveCfg = Release|Any CPU
		{9103D682-D1AA-4A95-A499-896F551AAA62}.Release|Any CPU.Build.0 = Release|Any CPU
		{9103D682-D1AA-4A95-A499-896F551AAA62}.Release|x64.ActiveCfg = Release|Any CPU
		{9103D682-D1AA-4A95-A499-896F551AAA62}.Release|x64.Build.0 = Release|Any CPU
	EndGlobalSection
	GlobalSection(SolutionProperties) = preSolution
		HideSolutionNode = FALSE
	EndGlobalSection
	GlobalSection(ExtensibilityGlobals) = postSolution
		SolutionGuid = {E0FBE60B-9AEB-45B1-9BB0-2116D724C65F}
	EndGlobalSection
EndGlobal
